{
    "name": "offdjs",
    "version": "0.9.0",
    "lockfileVersion": 2,
    "requires": true,
    "packages": {
        "": {
            "name": "offdjs",
            "version": "0.9.0",
            "license": "MIT",
            "dependencies": {
                "discord.js": "^14.0.0",
                "dotenv": "16.0.1",
                "i18n": "0.15.0",
                "just-extend": "6.1.1",
                "typescript": "^4.8.4",
                "zod": "^3.19.1"
            },
            "bin": {
                "offdjs": "lib/oneki.js"
            },
            "devDependencies": {
                "@types/i18n": "0.13.4",
                "@types/node": "18.6.2"
            }
        },
        "node_modules/@discordjs/builders": {
            "version": "1.0.0",
            "resolved": "https://registry.npmjs.org/@discordjs/builders/-/builders-1.0.0.tgz",
            "integrity": "sha512-8y91ZfpOHubiGJu5tVyGI9tQCEyHZDTeqUWVcJd0dq7B96xIf84S0L4fwmD1k9zTe1eqEFSk0gc7BpY+FKn7Ww==",
            "dependencies": {
                "@sapphire/shapeshift": "^3.5.1",
                "discord-api-types": "^0.36.2",
                "fast-deep-equal": "^3.1.3",
                "ts-mixer": "^6.0.1",
                "tslib": "^2.4.0"
            },
            "engines": {
                "node": ">=16.9.0"
            }
        },
        "node_modules/@discordjs/collection": {
            "version": "1.0.1",
            "resolved": "https://registry.npmjs.org/@discordjs/collection/-/collection-1.0.1.tgz",
            "integrity": "sha512-5V/wswzR3r2RVYXLxxg4TvrAnBhVCNgHTXhC+OUtLoriJ072rPMHo+Iw1SS1vrCckp8Es40XM411+WkNRPaXFw==",
            "engines": {
                "node": ">=16.9.0"
            }
        },
        "node_modules/@discordjs/rest": {
            "version": "1.0.1",
            "resolved": "https://registry.npmjs.org/@discordjs/rest/-/rest-1.0.1.tgz",
            "integrity": "sha512-w08CTKVzzYYvKxEjXKOs9AdS7KQ1J502TrPfF8eCZ2lF6AfKuMP/32YgDakiwIyYTDjEQS/v0nKLSFcncHRMtg==",
            "dependencies": {
                "@discordjs/collection": "^1.0.1",
                "@sapphire/async-queue": "^1.3.2",
                "@sapphire/snowflake": "^3.2.2",
                "discord-api-types": "^0.36.3",
                "file-type": "^17.1.4",
                "tslib": "^2.4.0",
                "undici": "^5.8.0"
            },
            "engines": {
                "node": ">=16.9.0"
            }
        },
        "node_modules/@messageformat/core": {
            "version": "3.0.1",
            "resolved": "https://registry.npmjs.org/@messageformat/core/-/core-3.0.1.tgz",
            "integrity": "sha512-yxj2+0e46hcZqJfNf0ZYbC2q6WlcGoh4g11mCyRtTueR0AD8F9z4JMYAS1aOiFG8Vl1LZg/h5hZHKmWTAyZq8g==",
            "dependencies": {
                "@messageformat/date-skeleton": "^1.0.0",
                "@messageformat/number-skeleton": "^1.0.0",
                "@messageformat/parser": "^5.0.0",
                "@messageformat/runtime": "^3.0.1",
                "make-plural": "^7.0.0",
                "safe-identifier": "^0.4.1"
            }
        },
        "node_modules/@messageformat/date-skeleton": {
            "version": "1.0.1",
            "resolved": "https://registry.npmjs.org/@messageformat/date-skeleton/-/date-skeleton-1.0.1.tgz",
            "integrity": "sha512-jPXy8fg+WMPIgmGjxSlnGJn68h/2InfT0TNSkVx0IGXgp4ynnvYkbZ51dGWmGySEK+pBiYUttbQdu5XEqX5CRg=="
        },
        "node_modules/@messageformat/number-skeleton": {
            "version": "1.1.0",
            "resolved": "https://registry.npmjs.org/@messageformat/number-skeleton/-/number-skeleton-1.1.0.tgz",
            "integrity": "sha512-F0Io+GOSvFFxvp9Ze3L5kAoZ2NnOAT0Mr/jpGNd3fqo8A0t4NxNIAcCdggtl2B/gN2ErkIKSBVPrF7xcW1IGvA=="
        },
        "node_modules/@messageformat/parser": {
            "version": "5.0.0",
            "resolved": "https://registry.npmjs.org/@messageformat/parser/-/parser-5.0.0.tgz",
            "integrity": "sha512-WiDKhi8F0zQaFU8cXgqq69eYFarCnTVxKcvhAONufKf0oUxbqLMW6JX6rV4Hqh+BEQWGyKKKHY4g1XA6bCLylA==",
            "dependencies": {
                "moo": "^0.5.1"
            }
        },
        "node_modules/@messageformat/runtime": {
            "version": "3.0.1",
            "resolved": "https://registry.npmjs.org/@messageformat/runtime/-/runtime-3.0.1.tgz",
            "integrity": "sha512-6RU5ol2lDtO8bD9Yxe6CZkl0DArdv0qkuoZC+ZwowU+cdRlVE1157wjCmlA5Rsf1Xc/brACnsZa5PZpEDfTFFg==",
            "dependencies": {
                "make-plural": "^7.0.0"
            }
        },
        "node_modules/@sapphire/async-queue": {
            "version": "1.3.2",
            "resolved": "https://registry.npmjs.org/@sapphire/async-queue/-/async-queue-1.3.2.tgz",
            "integrity": "sha512-rUpMLATsoAMnlN3gecAcr9Ecnw1vG7zi5Xr+IX22YzRzi1k9PF9vKzoT8RuEJbiIszjcimu3rveqUnvwDopz8g==",
            "engines": {
                "node": ">=v14.0.0",
                "npm": ">=7.0.0"
            }
        },
        "node_modules/@sapphire/shapeshift": {
            "version": "3.7.0",
            "resolved": "https://registry.npmjs.org/@sapphire/shapeshift/-/shapeshift-3.7.0.tgz",
            "integrity": "sha512-A6vI1zJoxhjWo4grsxpBRBgk96SqSdjLX5WlzKp9H+bJbkM07mvwcbtbVAmUZHbi/OG3HLfiZ1rlw4BhH6tsBQ==",
            "dependencies": {
                "fast-deep-equal": "^3.1.3",
                "lodash.uniqwith": "^4.5.0"
            },
            "engines": {
                "node": ">=v14.0.0",
                "npm": ">=7.0.0"
            }
        },
        "node_modules/@sapphire/snowflake": {
            "version": "3.2.2",
            "resolved": "https://registry.npmjs.org/@sapphire/snowflake/-/snowflake-3.2.2.tgz",
            "integrity": "sha512-ula2O0kpSZtX9rKXNeQMrHwNd7E4jPDJYUXmEGTFdMRfyfMw+FPyh04oKMjAiDuOi64bYgVkOV3MjK+loImFhQ==",
            "engines": {
                "node": ">=v14.0.0",
                "npm": ">=7.0.0"
            }
        },
        "node_modules/@tokenizer/token": {
            "version": "0.3.0",
            "resolved": "https://registry.npmjs.org/@tokenizer/token/-/token-0.3.0.tgz",
            "integrity": "sha512-OvjF+z51L3ov0OyAU0duzsYuvO01PH7x4t6DJx+guahgTnBHkhJdG7soQeTSFLWN3efnHyibZ4Z8l2EuWwJN3A=="
        },
        "node_modules/@types/i18n": {
            "version": "0.13.4",
            "resolved": "https://registry.npmjs.org/@types/i18n/-/i18n-0.13.4.tgz",
            "integrity": "sha512-PN4ZsplbpHZ2eaYixFNWkZKN51pcB02K2UKvqHVbrzq2jTO0sChPMuKKYAW1ZbElyHUvPgFeYsz9rqktChGyMw==",
            "dev": true
        },
        "node_modules/@types/node": {
            "version": "18.6.2",
            "resolved": "https://registry.npmjs.org/@types/node/-/node-18.6.2.tgz",
            "integrity": "sha512-KcfkBq9H4PI6Vpu5B/KoPeuVDAbmi+2mDBqGPGUgoL7yXQtcWGu2vJWmmRkneWK3Rh0nIAX192Aa87AqKHYChQ=="
        },
        "node_modules/@types/ws": {
            "version": "8.5.3",
            "resolved": "https://registry.npmjs.org/@types/ws/-/ws-8.5.3.tgz",
            "integrity": "sha512-6YOoWjruKj1uLf3INHH7D3qTXwFfEsg1kf3c0uDdSBJwfa/llkwIjrAGV7j7mVgGNbzTQ3HiHKKDXl6bJPD97w==",
            "dependencies": {
                "@types/node": "*"
            }
        },
        "node_modules/boolean": {
            "version": "3.2.0",
            "resolved": "https://registry.npmjs.org/boolean/-/boolean-3.2.0.tgz",
            "integrity": "sha512-d0II/GO9uf9lfUHH2BQsjxzRJZBdsjgsBiW4BvhWk/3qoKwQFjIDVN19PfX8F2D/r9PCMTtLWjYVCFrpeYUzsw=="
        },
        "node_modules/debug": {
            "version": "4.3.4",
            "resolved": "https://registry.npmjs.org/debug/-/debug-4.3.4.tgz",
            "integrity": "sha512-PRWFHuSU3eDtQJPvnNY7Jcket1j0t5OuOsFzPPzsekD52Zl8qUfFIPEiswXqIvHWGVHOgX+7G/vCNNhehwxfkQ==",
            "dependencies": {
                "ms": "2.1.2"
            },
            "engines": {
                "node": ">=6.0"
            },
            "peerDependenciesMeta": {
                "supports-color": {
                    "optional": true
                }
            }
        },
        "node_modules/discord-api-types": {
            "version": "0.36.3",
            "resolved": "https://registry.npmjs.org/discord-api-types/-/discord-api-types-0.36.3.tgz",
            "integrity": "sha512-bz/NDyG0KBo/tY14vSkrwQ/n3HKPf87a0WFW/1M9+tXYK+vp5Z5EksawfCWo2zkAc6o7CClc0eff1Pjrqznlwg=="
        },
        "node_modules/discord.js": {
            "version": "14.0.3",
            "resolved": "https://registry.npmjs.org/discord.js/-/discord.js-14.0.3.tgz",
            "integrity": "sha512-wH/VQl4CqN8/+dcXEtYis1iurqxGlDpEe0O4CqH5FGqZGIjVpTdtK0STXXx7bVNX8MT/0GvLZLkmO/5gLDWZVg==",
            "dependencies": {
                "@discordjs/builders": "^1.0.0",
                "@discordjs/collection": "^1.0.0",
                "@discordjs/rest": "^1.0.0",
                "@sapphire/snowflake": "^3.2.2",
                "@types/ws": "^8.5.3",
                "discord-api-types": "^0.36.2",
                "fast-deep-equal": "^3.1.3",
                "lodash.snakecase": "^4.1.1",
                "tslib": "^2.4.0",
                "undici": "^5.8.0",
                "ws": "^8.8.1"
            },
            "engines": {
                "node": ">=16.9.0"
            }
        },
        "node_modules/dotenv": {
            "version": "16.0.1",
            "resolved": "https://registry.npmjs.org/dotenv/-/dotenv-16.0.1.tgz",
            "integrity": "sha512-1K6hR6wtk2FviQ4kEiSjFiH5rpzEVi8WW0x96aztHVMhEspNpc4DVOUTEHtEva5VThQ8IaBX1Pe4gSzpVVUsKQ==",
            "engines": {
                "node": ">=12"
            }
        },
        "node_modules/fast-deep-equal": {
            "version": "3.1.3",
            "resolved": "https://registry.npmjs.org/fast-deep-equal/-/fast-deep-equal-3.1.3.tgz",
            "integrity": "sha512-f3qQ9oQy9j2AhBe/H9VC91wLmKBCCU/gDOnKNAYG5hswO7BLKj09Hc5HYNz9cGI++xlpDCIgDaitVs03ATR84Q=="
        },
        "node_modules/fast-printf": {
            "version": "1.6.9",
            "resolved": "https://registry.npmjs.org/fast-printf/-/fast-printf-1.6.9.tgz",
            "integrity": "sha512-FChq8hbz65WMj4rstcQsFB0O7Cy++nmbNfLYnD9cYv2cRn8EG6k/MGn9kO/tjO66t09DLDugj3yL+V2o6Qftrg==",
            "dependencies": {
                "boolean": "^3.1.4"
            },
            "engines": {
                "node": ">=10.0"
            }
        },
        "node_modules/file-type": {
            "version": "17.1.4",
            "resolved": "https://registry.npmjs.org/file-type/-/file-type-17.1.4.tgz",
            "integrity": "sha512-3w/rJUUPBj6CYhVER3D5JCKwYJJiC36uj5dP+LnyubHI6H6FJo1TeWVCEA09YLVoZqV3/mLP26j9+Pz1GjAyjQ==",
            "dependencies": {
                "readable-web-to-node-stream": "^3.0.2",
                "strtok3": "^7.0.0-alpha.9",
                "token-types": "^5.0.0-alpha.2"
            },
            "engines": {
                "node": "^12.20.0 || ^14.13.1 || >=16.0.0"
            },
            "funding": {
                "url": "https://github.com/sindresorhus/file-type?sponsor=1"
            }
        },
        "node_modules/i18n": {
            "version": "0.15.0",
            "resolved": "https://registry.npmjs.org/i18n/-/i18n-0.15.0.tgz",
            "integrity": "sha512-TUOkuFbl8Y/q7zF0tHdtpk1/TtxH0T+Drp2NFrHhmN1Qs0Sob9/0uVLS2BPVkEXNh2jZrimOiFJk+tkaOumzog==",
            "dependencies": {
                "@messageformat/core": "^3.0.0",
                "debug": "^4.3.3",
                "fast-printf": "^1.6.9",
                "make-plural": "^7.0.0",
                "math-interval-parser": "^2.0.1",
                "mustache": "^4.2.0"
            },
            "engines": {
                "node": ">=10"
            },
            "funding": {
                "url": "https://github.com/sponsors/mashpie"
            }
        },
        "node_modules/ieee754": {
            "version": "1.2.1",
            "resolved": "https://registry.npmjs.org/ieee754/-/ieee754-1.2.1.tgz",
            "integrity": "sha512-dcyqhDvX1C46lXZcVqCpK+FtMRQVdIMN6/Df5js2zouUsqG7I6sFxitIC+7KYK29KdXOLHdu9zL4sFnoVQnqaA==",
            "funding": [
                {
                    "type": "github",
                    "url": "https://github.com/sponsors/feross"
                },
                {
                    "type": "patreon",
                    "url": "https://www.patreon.com/feross"
                },
                {
                    "type": "consulting",
                    "url": "https://feross.org/support"
                }
            ]
        },
        "node_modules/inherits": {
            "version": "2.0.4",
            "resolved": "https://registry.npmjs.org/inherits/-/inherits-2.0.4.tgz",
            "integrity": "sha512-k/vGaX4/Yla3WzyMCvTQOXYeIHvqOKtnqBduzTHpzpQZzAskKMhZ2K+EnBiSM9zGSoIFeMpXKxa4dYeZIQqewQ=="
        },
        "node_modules/just-extend": {
            "version": "6.1.1",
            "resolved": "https://registry.npmjs.org/just-extend/-/just-extend-6.1.1.tgz",
            "integrity": "sha512-1UWaMWIB90HnIZAmXOTLobwWc9lc1ZMUBRKf8PaozCAiNUif6wv1fyeXpqccWZCu7L9zxIgXG55vARuZluyvqw=="
        },
        "node_modules/lodash.snakecase": {
            "version": "4.1.1",
            "resolved": "https://registry.npmjs.org/lodash.snakecase/-/lodash.snakecase-4.1.1.tgz",
            "integrity": "sha512-QZ1d4xoBHYUeuouhEq3lk3Uq7ldgyFXGBhg04+oRLnIz8o9T65Eh+8YdroUwn846zchkA9yDsDl5CVVaV2nqYw=="
        },
        "node_modules/lodash.uniqwith": {
            "version": "4.5.0",
            "resolved": "https://registry.npmjs.org/lodash.uniqwith/-/lodash.uniqwith-4.5.0.tgz",
            "integrity": "sha512-7lYL8bLopMoy4CTICbxygAUq6CdRJ36vFc80DucPueUee+d5NBRxz3FdT9Pes/HEx5mPoT9jwnsEJWz1N7uq7Q=="
        },
        "node_modules/make-plural": {
            "version": "7.1.0",
            "resolved": "https://registry.npmjs.org/make-plural/-/make-plural-7.1.0.tgz",
            "integrity": "sha512-PKkwVlAxYVo98NrbclaQIT4F5Oy+X58PZM5r2IwUSCe3syya6PXkIRCn2XCdz7p58Scgpp50PBeHmepXVDG3hg=="
        },
        "node_modules/math-interval-parser": {
            "version": "2.0.1",
            "resolved": "https://registry.npmjs.org/math-interval-parser/-/math-interval-parser-2.0.1.tgz",
            "integrity": "sha512-VmlAmb0UJwlvMyx8iPhXUDnVW1F9IrGEd9CIOmv+XL8AErCUUuozoDMrgImvnYt2A+53qVX/tPW6YJurMKYsvA==",
            "engines": {
                "node": ">=0.10.0"
            }
        },
        "node_modules/moo": {
            "version": "0.5.1",
            "resolved": "https://registry.npmjs.org/moo/-/moo-0.5.1.tgz",
            "integrity": "sha512-I1mnb5xn4fO80BH9BLcF0yLypy2UKl+Cb01Fu0hJRkJjlCRtxZMWkTdAtDd5ZqCOxtCkhmRwyI57vWT+1iZ67w=="
        },
        "node_modules/ms": {
            "version": "2.1.2",
            "resolved": "https://registry.npmjs.org/ms/-/ms-2.1.2.tgz",
            "integrity": "sha512-sGkPx+VjMtmA6MX27oA4FBFELFCZZ4S4XqeGOXCv68tT+jb3vk/RyaKWP0PTKyWtmLSM0b+adUTEvbs1PEaH2w=="
        },
        "node_modules/mustache": {
            "version": "4.2.0",
            "resolved": "https://registry.npmjs.org/mustache/-/mustache-4.2.0.tgz",
            "integrity": "sha512-71ippSywq5Yb7/tVYyGbkBggbU8H3u5Rz56fH60jGFgr8uHwxs+aSKeqmluIVzM0m0kB7xQjKS6qPfd0b2ZoqQ==",
            "bin": {
                "mustache": "bin/mustache"
            }
        },
        "node_modules/peek-readable": {
            "version": "5.0.0-alpha.5",
            "resolved": "https://registry.npmjs.org/peek-readable/-/peek-readable-5.0.0-alpha.5.tgz",
            "integrity": "sha512-pJohF/tDwV3ntnT5+EkUo4E700q/j/OCDuPxtM+5/kFGjyOai/sK4/We4Cy1MB2OiTQliWU5DxPvYIKQAdPqAA==",
            "engines": {
                "node": "^12.20.0 || ^14.13.1 || >=16.0.0"
            },
            "funding": {
                "type": "github",
                "url": "https://github.com/sponsors/Borewit"
            }
        },
        "node_modules/readable-stream": {
            "version": "3.6.0",
            "resolved": "https://registry.npmjs.org/readable-stream/-/readable-stream-3.6.0.tgz",
            "integrity": "sha512-BViHy7LKeTz4oNnkcLJ+lVSL6vpiFeX6/d3oSH8zCW7UxP2onchk+vTGB143xuFjHS3deTgkKoXXymXqymiIdA==",
            "dependencies": {
                "inherits": "^2.0.3",
                "string_decoder": "^1.1.1",
                "util-deprecate": "^1.0.1"
            },
            "engines": {
                "node": ">= 6"
            }
        },
        "node_modules/readable-web-to-node-stream": {
            "version": "3.0.2",
            "resolved": "https://registry.npmjs.org/readable-web-to-node-stream/-/readable-web-to-node-stream-3.0.2.tgz",
            "integrity": "sha512-ePeK6cc1EcKLEhJFt/AebMCLL+GgSKhuygrZ/GLaKZYEecIgIECf4UaUuaByiGtzckwR4ain9VzUh95T1exYGw==",
            "dependencies": {
                "readable-stream": "^3.6.0"
            },
            "engines": {
                "node": ">=8"
            },
            "funding": {
                "type": "github",
                "url": "https://github.com/sponsors/Borewit"
            }
        },
        "node_modules/safe-buffer": {
            "version": "5.2.1",
            "resolved": "https://registry.npmjs.org/safe-buffer/-/safe-buffer-5.2.1.tgz",
            "integrity": "sha512-rp3So07KcdmmKbGvgaNxQSJr7bGVSVk5S9Eq1F+ppbRo70+YeaDxkw5Dd8NPN+GD6bjnYm2VuPuCXmpuYvmCXQ==",
            "funding": [
                {
                    "type": "github",
                    "url": "https://github.com/sponsors/feross"
                },
                {
                    "type": "patreon",
                    "url": "https://www.patreon.com/feross"
                },
                {
                    "type": "consulting",
                    "url": "https://feross.org/support"
                }
            ]
        },
        "node_modules/safe-identifier": {
            "version": "0.4.2",
            "resolved": "https://registry.npmjs.org/safe-identifier/-/safe-identifier-0.4.2.tgz",
            "integrity": "sha512-6pNbSMW6OhAi9j+N8V+U715yBQsaWJ7eyEUaOrawX+isg5ZxhUlV1NipNtgaKHmFGiABwt+ZF04Ii+3Xjkg+8w=="
        },
        "node_modules/string_decoder": {
            "version": "1.3.0",
            "resolved": "https://registry.npmjs.org/string_decoder/-/string_decoder-1.3.0.tgz",
            "integrity": "sha512-hkRX8U1WjJFd8LsDJ2yQ/wWWxaopEsABU1XfkM8A+j0+85JAGppt16cr1Whg6KIbb4okU6Mql6BOj+uup/wKeA==",
            "dependencies": {
                "safe-buffer": "~5.2.0"
            }
        },
        "node_modules/strtok3": {
            "version": "7.0.0-alpha.9",
            "resolved": "https://registry.npmjs.org/strtok3/-/strtok3-7.0.0-alpha.9.tgz",
            "integrity": "sha512-G8WxjBFjTZ77toVElv1i7k3jCXNkBB14FVaZ/6LIOka/WGo4La5XHLrU7neFVLdKbXESZf4BejVKZu5maOmocA==",
            "dependencies": {
                "@tokenizer/token": "^0.3.0",
                "peek-readable": "^5.0.0-alpha.5"
            },
            "engines": {
                "node": "^12.20.0 || ^14.13.1 || >=16.0.0"
            },
            "funding": {
                "type": "github",
                "url": "https://github.com/sponsors/Borewit"
            }
        },
        "node_modules/token-types": {
            "version": "5.0.0-alpha.2",
            "resolved": "https://registry.npmjs.org/token-types/-/token-types-5.0.0-alpha.2.tgz",
            "integrity": "sha512-EsG9UxAW4M6VATrEEjhPFTKEUi1OiJqTUMIZOGBN49fGxYjZB36k0p7to3HZSmWRoHm1QfZgrg3e02fpqAt5fQ==",
            "dependencies": {
                "@tokenizer/token": "^0.3.0",
                "ieee754": "^1.2.1"
            },
            "engines": {
                "node": "^12.20.0 || ^14.13.1 || >=16.0.0"
            },
            "funding": {
                "type": "github",
                "url": "https://github.com/sponsors/Borewit"
            }
        },
        "node_modules/ts-mixer": {
            "version": "6.0.1",
            "resolved": "https://registry.npmjs.org/ts-mixer/-/ts-mixer-6.0.1.tgz",
            "integrity": "sha512-hvE+ZYXuINrx6Ei6D6hz+PTim0Uf++dYbK9FFifLNwQj+RwKquhQpn868yZsCtJYiclZF1u8l6WZxxKi+vv7Rg=="
        },
        "node_modules/tslib": {
            "version": "2.4.0",
            "resolved": "https://registry.npmjs.org/tslib/-/tslib-2.4.0.tgz",
            "integrity": "sha512-d6xOpEDfsi2CZVlPQzGeux8XMwLT9hssAsaPYExaQMuYskwb+x1x7J371tWlbBdWHroy99KnVB6qIkUbs5X3UQ=="
        },
        "node_modules/typescript": {
            "version": "4.8.4",
            "resolved": "https://registry.npmjs.org/typescript/-/typescript-4.8.4.tgz",
            "integrity": "sha512-QCh+85mCy+h0IGff8r5XWzOVSbBO+KfeYrMQh7NJ58QujwcE22u+NUSmUxqF+un70P9GXKxa2HCNiTTMJknyjQ==",
            "bin": {
                "tsc": "bin/tsc",
                "tsserver": "bin/tsserver"
            },
            "engines": {
                "node": ">=4.2.0"
            }
        },
        "node_modules/undici": {
            "version": "5.8.0",
            "resolved": "https://registry.npmjs.org/undici/-/undici-5.8.0.tgz",
            "integrity": "sha512-1F7Vtcez5w/LwH2G2tGnFIihuWUlc58YidwLiCv+jR2Z50x0tNXpRRw7eOIJ+GvqCqIkg9SB7NWAJ/T9TLfv8Q==",
            "engines": {
                "node": ">=12.18"
            }
        },
        "node_modules/util-deprecate": {
            "version": "1.0.2",
            "resolved": "https://registry.npmjs.org/util-deprecate/-/util-deprecate-1.0.2.tgz",
            "integrity": "sha512-EPD5q1uXyFxJpCrLnCc1nHnq3gOa6DZBocAIiI2TaSCA7VCJ1UJDMagCzIkXNsUYfD1daK//LTEQ8xiIbrHtcw=="
        },
        "node_modules/ws": {
            "version": "8.8.1",
            "resolved": "https://registry.npmjs.org/ws/-/ws-8.8.1.tgz",
            "integrity": "sha512-bGy2JzvzkPowEJV++hF07hAD6niYSr0JzBNo/J29WsB57A2r7Wlc1UFcTR9IzrPvuNVO4B8LGqF8qcpsVOhJCA==",
            "engines": {
                "node": ">=10.0.0"
            },
            "peerDependencies": {
                "bufferutil": "^4.0.1",
                "utf-8-validate": "^5.0.2"
            },
            "peerDependenciesMeta": {
                "bufferutil": {
                    "optional": true
                },
                "utf-8-validate": {
                    "optional": true
                }
            }
        },
        "node_modules/zod": {
            "version": "3.19.1",
            "resolved": "https://registry.npmjs.org/zod/-/zod-3.19.1.tgz",
            "integrity": "sha512-LYjZsEDhCdYET9ikFu6dVPGp2YH9DegXjdJToSzD9rO6fy4qiRYFoyEYwps88OseJlPyl2NOe2iJuhEhL7IpEA==",
            "funding": {
                "url": "https://github.com/sponsors/colinhacks"
            }
        }
    },
    "dependencies": {
        "@discordjs/builders": {
            "version": "1.0.0",
            "resolved": "https://registry.npmjs.org/@discordjs/builders/-/builders-1.0.0.tgz",
            "integrity": "sha512-8y91ZfpOHubiGJu5tVyGI9tQCEyHZDTeqUWVcJd0dq7B96xIf84S0L4fwmD1k9zTe1eqEFSk0gc7BpY+FKn7Ww==",
            "requires": {
                "@sapphire/shapeshift": "^3.5.1",
                "discord-api-types": "^0.36.2",
                "fast-deep-equal": "^3.1.3",
                "ts-mixer": "^6.0.1",
                "tslib": "^2.4.0"
            }
        },
        "@discordjs/collection": {
            "version": "1.0.1",
            "resolved": "https://registry.npmjs.org/@discordjs/collection/-/collection-1.0.1.tgz",
            "integrity": "sha512-5V/wswzR3r2RVYXLxxg4TvrAnBhVCNgHTXhC+OUtLoriJ072rPMHo+Iw1SS1vrCckp8Es40XM411+WkNRPaXFw=="
        },
        "@discordjs/rest": {
            "version": "1.0.1",
            "resolved": "https://registry.npmjs.org/@discordjs/rest/-/rest-1.0.1.tgz",
            "integrity": "sha512-w08CTKVzzYYvKxEjXKOs9AdS7KQ1J502TrPfF8eCZ2lF6AfKuMP/32YgDakiwIyYTDjEQS/v0nKLSFcncHRMtg==",
            "requires": {
                "@discordjs/collection": "^1.0.1",
                "@sapphire/async-queue": "^1.3.2",
                "@sapphire/snowflake": "^3.2.2",
                "discord-api-types": "^0.36.3",
                "file-type": "^17.1.4",
                "tslib": "^2.4.0",
                "undici": "^5.8.0"
            }
        },
        "@messageformat/core": {
            "version": "3.0.1",
            "resolved": "https://registry.npmjs.org/@messageformat/core/-/core-3.0.1.tgz",
            "integrity": "sha512-yxj2+0e46hcZqJfNf0ZYbC2q6WlcGoh4g11mCyRtTueR0AD8F9z4JMYAS1aOiFG8Vl1LZg/h5hZHKmWTAyZq8g==",
            "requires": {
                "@messageformat/date-skeleton": "^1.0.0",
                "@messageformat/number-skeleton": "^1.0.0",
                "@messageformat/parser": "^5.0.0",
                "@messageformat/runtime": "^3.0.1",
                "make-plural": "^7.0.0",
                "safe-identifier": "^0.4.1"
            }
        },
        "@messageformat/date-skeleton": {
            "version": "1.0.1",
            "resolved": "https://registry.npmjs.org/@messageformat/date-skeleton/-/date-skeleton-1.0.1.tgz",
            "integrity": "sha512-jPXy8fg+WMPIgmGjxSlnGJn68h/2InfT0TNSkVx0IGXgp4ynnvYkbZ51dGWmGySEK+pBiYUttbQdu5XEqX5CRg=="
        },
        "@messageformat/number-skeleton": {
            "version": "1.1.0",
            "resolved": "https://registry.npmjs.org/@messageformat/number-skeleton/-/number-skeleton-1.1.0.tgz",
            "integrity": "sha512-F0Io+GOSvFFxvp9Ze3L5kAoZ2NnOAT0Mr/jpGNd3fqo8A0t4NxNIAcCdggtl2B/gN2ErkIKSBVPrF7xcW1IGvA=="
        },
        "@messageformat/parser": {
            "version": "5.0.0",
            "resolved": "https://registry.npmjs.org/@messageformat/parser/-/parser-5.0.0.tgz",
            "integrity": "sha512-WiDKhi8F0zQaFU8cXgqq69eYFarCnTVxKcvhAONufKf0oUxbqLMW6JX6rV4Hqh+BEQWGyKKKHY4g1XA6bCLylA==",
            "requires": {
                "moo": "^0.5.1"
            }
        },
        "@messageformat/runtime": {
            "version": "3.0.1",
            "resolved": "https://registry.npmjs.org/@messageformat/runtime/-/runtime-3.0.1.tgz",
            "integrity": "sha512-6RU5ol2lDtO8bD9Yxe6CZkl0DArdv0qkuoZC+ZwowU+cdRlVE1157wjCmlA5Rsf1Xc/brACnsZa5PZpEDfTFFg==",
            "requires": {
                "make-plural": "^7.0.0"
            }
        },
        "@sapphire/async-queue": {
            "version": "1.3.2",
            "resolved": "https://registry.npmjs.org/@sapphire/async-queue/-/async-queue-1.3.2.tgz",
            "integrity": "sha512-rUpMLATsoAMnlN3gecAcr9Ecnw1vG7zi5Xr+IX22YzRzi1k9PF9vKzoT8RuEJbiIszjcimu3rveqUnvwDopz8g=="
        },
        "@sapphire/shapeshift": {
            "version": "3.7.0",
            "resolved": "https://registry.npmjs.org/@sapphire/shapeshift/-/shapeshift-3.7.0.tgz",
            "integrity": "sha512-A6vI1zJoxhjWo4grsxpBRBgk96SqSdjLX5WlzKp9H+bJbkM07mvwcbtbVAmUZHbi/OG3HLfiZ1rlw4BhH6tsBQ==",
            "requires": {
                "fast-deep-equal": "^3.1.3",
                "lodash.uniqwith": "^4.5.0"
            }
        },
        "@sapphire/snowflake": {
            "version": "3.2.2",
            "resolved": "https://registry.npmjs.org/@sapphire/snowflake/-/snowflake-3.2.2.tgz",
            "integrity": "sha512-ula2O0kpSZtX9rKXNeQMrHwNd7E4jPDJYUXmEGTFdMRfyfMw+FPyh04oKMjAiDuOi64bYgVkOV3MjK+loImFhQ=="
        },
        "@tokenizer/token": {
            "version": "0.3.0",
            "resolved": "https://registry.npmjs.org/@tokenizer/token/-/token-0.3.0.tgz",
            "integrity": "sha512-OvjF+z51L3ov0OyAU0duzsYuvO01PH7x4t6DJx+guahgTnBHkhJdG7soQeTSFLWN3efnHyibZ4Z8l2EuWwJN3A=="
        },
        "@types/i18n": {
            "version": "0.13.4",
            "resolved": "https://registry.npmjs.org/@types/i18n/-/i18n-0.13.4.tgz",
            "integrity": "sha512-PN4ZsplbpHZ2eaYixFNWkZKN51pcB02K2UKvqHVbrzq2jTO0sChPMuKKYAW1ZbElyHUvPgFeYsz9rqktChGyMw==",
            "dev": true
        },
        "@types/node": {
            "version": "18.6.2",
            "resolved": "https://registry.npmjs.org/@types/node/-/node-18.6.2.tgz",
            "integrity": "sha512-KcfkBq9H4PI6Vpu5B/KoPeuVDAbmi+2mDBqGPGUgoL7yXQtcWGu2vJWmmRkneWK3Rh0nIAX192Aa87AqKHYChQ=="
        },
        "@types/ws": {
            "version": "8.5.3",
            "resolved": "https://registry.npmjs.org/@types/ws/-/ws-8.5.3.tgz",
            "integrity": "sha512-6YOoWjruKj1uLf3INHH7D3qTXwFfEsg1kf3c0uDdSBJwfa/llkwIjrAGV7j7mVgGNbzTQ3HiHKKDXl6bJPD97w==",
            "requires": {
                "@types/node": "*"
            }
        },
        "boolean": {
            "version": "3.2.0",
            "resolved": "https://registry.npmjs.org/boolean/-/boolean-3.2.0.tgz",
            "integrity": "sha512-d0II/GO9uf9lfUHH2BQsjxzRJZBdsjgsBiW4BvhWk/3qoKwQFjIDVN19PfX8F2D/r9PCMTtLWjYVCFrpeYUzsw=="
        },
        "debug": {
            "version": "4.3.4",
            "resolved": "https://registry.npmjs.org/debug/-/debug-4.3.4.tgz",
            "integrity": "sha512-PRWFHuSU3eDtQJPvnNY7Jcket1j0t5OuOsFzPPzsekD52Zl8qUfFIPEiswXqIvHWGVHOgX+7G/vCNNhehwxfkQ==",
            "requires": {
                "ms": "2.1.2"
            }
        },
        "discord-api-types": {
            "version": "0.36.3",
            "resolved": "https://registry.npmjs.org/discord-api-types/-/discord-api-types-0.36.3.tgz",
            "integrity": "sha512-bz/NDyG0KBo/tY14vSkrwQ/n3HKPf87a0WFW/1M9+tXYK+vp5Z5EksawfCWo2zkAc6o7CClc0eff1Pjrqznlwg=="
        },
        "discord.js": {
            "version": "14.0.3",
            "resolved": "https://registry.npmjs.org/discord.js/-/discord.js-14.0.3.tgz",
            "integrity": "sha512-wH/VQl4CqN8/+dcXEtYis1iurqxGlDpEe0O4CqH5FGqZGIjVpTdtK0STXXx7bVNX8MT/0GvLZLkmO/5gLDWZVg==",
            "requires": {
                "@discordjs/builders": "^1.0.0",
                "@discordjs/collection": "^1.0.0",
                "@discordjs/rest": "^1.0.0",
                "@sapphire/snowflake": "^3.2.2",
                "@types/ws": "^8.5.3",
                "discord-api-types": "^0.36.2",
                "fast-deep-equal": "^3.1.3",
                "lodash.snakecase": "^4.1.1",
                "tslib": "^2.4.0",
                "undici": "^5.8.0",
                "ws": "^8.8.1"
            }
        },
        "dotenv": {
            "version": "16.0.1",
            "resolved": "https://registry.npmjs.org/dotenv/-/dotenv-16.0.1.tgz",
            "integrity": "sha512-1K6hR6wtk2FviQ4kEiSjFiH5rpzEVi8WW0x96aztHVMhEspNpc4DVOUTEHtEva5VThQ8IaBX1Pe4gSzpVVUsKQ=="
        },
        "fast-deep-equal": {
            "version": "3.1.3",
            "resolved": "https://registry.npmjs.org/fast-deep-equal/-/fast-deep-equal-3.1.3.tgz",
            "integrity": "sha512-f3qQ9oQy9j2AhBe/H9VC91wLmKBCCU/gDOnKNAYG5hswO7BLKj09Hc5HYNz9cGI++xlpDCIgDaitVs03ATR84Q=="
        },
        "fast-printf": {
            "version": "1.6.9",
            "resolved": "https://registry.npmjs.org/fast-printf/-/fast-printf-1.6.9.tgz",
            "integrity": "sha512-FChq8hbz65WMj4rstcQsFB0O7Cy++nmbNfLYnD9cYv2cRn8EG6k/MGn9kO/tjO66t09DLDugj3yL+V2o6Qftrg==",
            "requires": {
                "boolean": "^3.1.4"
            }
        },
        "file-type": {
            "version": "17.1.4",
            "resolved": "https://registry.npmjs.org/file-type/-/file-type-17.1.4.tgz",
            "integrity": "sha512-3w/rJUUPBj6CYhVER3D5JCKwYJJiC36uj5dP+LnyubHI6H6FJo1TeWVCEA09YLVoZqV3/mLP26j9+Pz1GjAyjQ==",
            "requires": {
                "readable-web-to-node-stream": "^3.0.2",
                "strtok3": "^7.0.0-alpha.9",
                "token-types": "^5.0.0-alpha.2"
            }
        },
        "i18n": {
            "version": "0.15.0",
            "resolved": "https://registry.npmjs.org/i18n/-/i18n-0.15.0.tgz",
            "integrity": "sha512-TUOkuFbl8Y/q7zF0tHdtpk1/TtxH0T+Drp2NFrHhmN1Qs0Sob9/0uVLS2BPVkEXNh2jZrimOiFJk+tkaOumzog==",
            "requires": {
                "@messageformat/core": "^3.0.0",
                "debug": "^4.3.3",
                "fast-printf": "^1.6.9",
                "make-plural": "^7.0.0",
                "math-interval-parser": "^2.0.1",
                "mustache": "^4.2.0"
            }
        },
        "ieee754": {
            "version": "1.2.1",
            "resolved": "https://registry.npmjs.org/ieee754/-/ieee754-1.2.1.tgz",
            "integrity": "sha512-dcyqhDvX1C46lXZcVqCpK+FtMRQVdIMN6/Df5js2zouUsqG7I6sFxitIC+7KYK29KdXOLHdu9zL4sFnoVQnqaA=="
        },
        "inherits": {
            "version": "2.0.4",
            "resolved": "https://registry.npmjs.org/inherits/-/inherits-2.0.4.tgz",
            "integrity": "sha512-k/vGaX4/Yla3WzyMCvTQOXYeIHvqOKtnqBduzTHpzpQZzAskKMhZ2K+EnBiSM9zGSoIFeMpXKxa4dYeZIQqewQ=="
        },
        "just-extend": {
            "version": "6.1.1",
            "resolved": "https://registry.npmjs.org/just-extend/-/just-extend-6.1.1.tgz",
            "integrity": "sha512-1UWaMWIB90HnIZAmXOTLobwWc9lc1ZMUBRKf8PaozCAiNUif6wv1fyeXpqccWZCu7L9zxIgXG55vARuZluyvqw=="
        },
        "lodash.snakecase": {
            "version": "4.1.1",
            "resolved": "https://registry.npmjs.org/lodash.snakecase/-/lodash.snakecase-4.1.1.tgz",
            "integrity": "sha512-QZ1d4xoBHYUeuouhEq3lk3Uq7ldgyFXGBhg04+oRLnIz8o9T65Eh+8YdroUwn846zchkA9yDsDl5CVVaV2nqYw=="
        },
        "lodash.uniqwith": {
            "version": "4.5.0",
            "resolved": "https://registry.npmjs.org/lodash.uniqwith/-/lodash.uniqwith-4.5.0.tgz",
            "integrity": "sha512-7lYL8bLopMoy4CTICbxygAUq6CdRJ36vFc80DucPueUee+d5NBRxz3FdT9Pes/HEx5mPoT9jwnsEJWz1N7uq7Q=="
        },
        "make-plural": {
            "version": "7.1.0",
            "resolved": "https://registry.npmjs.org/make-plural/-/make-plural-7.1.0.tgz",
            "integrity": "sha512-PKkwVlAxYVo98NrbclaQIT4F5Oy+X58PZM5r2IwUSCe3syya6PXkIRCn2XCdz7p58Scgpp50PBeHmepXVDG3hg=="
        },
        "math-interval-parser": {
            "version": "2.0.1",
            "resolved": "https://registry.npmjs.org/math-interval-parser/-/math-interval-parser-2.0.1.tgz",
            "integrity": "sha512-VmlAmb0UJwlvMyx8iPhXUDnVW1F9IrGEd9CIOmv+XL8AErCUUuozoDMrgImvnYt2A+53qVX/tPW6YJurMKYsvA=="
        },
        "moo": {
            "version": "0.5.1",
            "resolved": "https://registry.npmjs.org/moo/-/moo-0.5.1.tgz",
            "integrity": "sha512-I1mnb5xn4fO80BH9BLcF0yLypy2UKl+Cb01Fu0hJRkJjlCRtxZMWkTdAtDd5ZqCOxtCkhmRwyI57vWT+1iZ67w=="
        },
        "ms": {
            "version": "2.1.2",
            "resolved": "https://registry.npmjs.org/ms/-/ms-2.1.2.tgz",
            "integrity": "sha512-sGkPx+VjMtmA6MX27oA4FBFELFCZZ4S4XqeGOXCv68tT+jb3vk/RyaKWP0PTKyWtmLSM0b+adUTEvbs1PEaH2w=="
        },
        "mustache": {
            "version": "4.2.0",
            "resolved": "https://registry.npmjs.org/mustache/-/mustache-4.2.0.tgz",
            "integrity": "sha512-71ippSywq5Yb7/tVYyGbkBggbU8H3u5Rz56fH60jGFgr8uHwxs+aSKeqmluIVzM0m0kB7xQjKS6qPfd0b2ZoqQ=="
        },
        "peek-readable": {
            "version": "5.0.0-alpha.5",
            "resolved": "https://registry.npmjs.org/peek-readable/-/peek-readable-5.0.0-alpha.5.tgz",
            "integrity": "sha512-pJohF/tDwV3ntnT5+EkUo4E700q/j/OCDuPxtM+5/kFGjyOai/sK4/We4Cy1MB2OiTQliWU5DxPvYIKQAdPqAA=="
        },
        "readable-stream": {
            "version": "3.6.0",
            "resolved": "https://registry.npmjs.org/readable-stream/-/readable-stream-3.6.0.tgz",
            "integrity": "sha512-BViHy7LKeTz4oNnkcLJ+lVSL6vpiFeX6/d3oSH8zCW7UxP2onchk+vTGB143xuFjHS3deTgkKoXXymXqymiIdA==",
            "requires": {
                "inherits": "^2.0.3",
                "string_decoder": "^1.1.1",
                "util-deprecate": "^1.0.1"
            }
        },
        "readable-web-to-node-stream": {
            "version": "3.0.2",
            "resolved": "https://registry.npmjs.org/readable-web-to-node-stream/-/readable-web-to-node-stream-3.0.2.tgz",
            "integrity": "sha512-ePeK6cc1EcKLEhJFt/AebMCLL+GgSKhuygrZ/GLaKZYEecIgIECf4UaUuaByiGtzckwR4ain9VzUh95T1exYGw==",
            "requires": {
                "readable-stream": "^3.6.0"
            }
        },
        "safe-buffer": {
            "version": "5.2.1",
            "resolved": "https://registry.npmjs.org/safe-buffer/-/safe-buffer-5.2.1.tgz",
            "integrity": "sha512-rp3So07KcdmmKbGvgaNxQSJr7bGVSVk5S9Eq1F+ppbRo70+YeaDxkw5Dd8NPN+GD6bjnYm2VuPuCXmpuYvmCXQ=="
        },
        "safe-identifier": {
            "version": "0.4.2",
            "resolved": "https://registry.npmjs.org/safe-identifier/-/safe-identifier-0.4.2.tgz",
            "integrity": "sha512-6pNbSMW6OhAi9j+N8V+U715yBQsaWJ7eyEUaOrawX+isg5ZxhUlV1NipNtgaKHmFGiABwt+ZF04Ii+3Xjkg+8w=="
        },
        "string_decoder": {
            "version": "1.3.0",
            "resolved": "https://registry.npmjs.org/string_decoder/-/string_decoder-1.3.0.tgz",
            "integrity": "sha512-hkRX8U1WjJFd8LsDJ2yQ/wWWxaopEsABU1XfkM8A+j0+85JAGppt16cr1Whg6KIbb4okU6Mql6BOj+uup/wKeA==",
            "requires": {
                "safe-buffer": "~5.2.0"
            }
        },
        "strtok3": {
            "version": "7.0.0-alpha.9",
            "resolved": "https://registry.npmjs.org/strtok3/-/strtok3-7.0.0-alpha.9.tgz",
            "integrity": "sha512-G8WxjBFjTZ77toVElv1i7k3jCXNkBB14FVaZ/6LIOka/WGo4La5XHLrU7neFVLdKbXESZf4BejVKZu5maOmocA==",
            "requires": {
                "@tokenizer/token": "^0.3.0",
                "peek-readable": "^5.0.0-alpha.5"
            }
        },
        "token-types": {
            "version": "5.0.0-alpha.2",
            "resolved": "https://registry.npmjs.org/token-types/-/token-types-5.0.0-alpha.2.tgz",
            "integrity": "sha512-EsG9UxAW4M6VATrEEjhPFTKEUi1OiJqTUMIZOGBN49fGxYjZB36k0p7to3HZSmWRoHm1QfZgrg3e02fpqAt5fQ==",
            "requires": {
                "@tokenizer/token": "^0.3.0",
                "ieee754": "^1.2.1"
            }
        },
        "ts-mixer": {
            "version": "6.0.1",
            "resolved": "https://registry.npmjs.org/ts-mixer/-/ts-mixer-6.0.1.tgz",
            "integrity": "sha512-hvE+ZYXuINrx6Ei6D6hz+PTim0Uf++dYbK9FFifLNwQj+RwKquhQpn868yZsCtJYiclZF1u8l6WZxxKi+vv7Rg=="
        },
        "tslib": {
            "version": "2.4.0",
            "resolved": "https://registry.npmjs.org/tslib/-/tslib-2.4.0.tgz",
            "integrity": "sha512-d6xOpEDfsi2CZVlPQzGeux8XMwLT9hssAsaPYExaQMuYskwb+x1x7J371tWlbBdWHroy99KnVB6qIkUbs5X3UQ=="
        },
        "typescript": {
            "version": "4.8.4",
            "resolved": "https://registry.npmjs.org/typescript/-/typescript-4.8.4.tgz",
            "integrity": "sha512-QCh+85mCy+h0IGff8r5XWzOVSbBO+KfeYrMQh7NJ58QujwcE22u+NUSmUxqF+un70P9GXKxa2HCNiTTMJknyjQ=="
        },
        "undici": {
            "version": "5.8.0",
            "resolved": "https://registry.npmjs.org/undici/-/undici-5.8.0.tgz",
            "integrity": "sha512-1F7Vtcez5w/LwH2G2tGnFIihuWUlc58YidwLiCv+jR2Z50x0tNXpRRw7eOIJ+GvqCqIkg9SB7NWAJ/T9TLfv8Q=="
        },
        "util-deprecate": {
            "version": "1.0.2",
            "resolved": "https://registry.npmjs.org/util-deprecate/-/util-deprecate-1.0.2.tgz",
            "integrity": "sha512-EPD5q1uXyFxJpCrLnCc1nHnq3gOa6DZBocAIiI2TaSCA7VCJ1UJDMagCzIkXNsUYfD1daK//LTEQ8xiIbrHtcw=="
        },
        "ws": {
            "version": "8.8.1",
            "resolved": "https://registry.npmjs.org/ws/-/ws-8.8.1.tgz",
            "integrity": "sha512-bGy2JzvzkPowEJV++hF07hAD6niYSr0JzBNo/J29WsB57A2r7Wlc1UFcTR9IzrPvuNVO4B8LGqF8qcpsVOhJCA==",
            "requires": {}
        },
        "zod": {
            "version": "3.19.1",
            "resolved": "https://registry.npmjs.org/zod/-/zod-3.19.1.tgz",
            "integrity": "sha512-LYjZsEDhCdYET9ikFu6dVPGp2YH9DegXjdJToSzD9rO6fy4qiRYFoyEYwps88OseJlPyl2NOe2iJuhEhL7IpEA=="
        }
    }
}
